PODS:
  - FBSnapshotTestCase (2.1.4):
    - FBSnapshotTestCase/SwiftSupport (= 2.1.4)
  - FBSnapshotTestCase/Core (2.1.4)
  - FBSnapshotTestCase/SwiftSupport (2.1.4):
    - FBSnapshotTestCase/Core
  - GMmacros (0.1.0)
  - GMShareSDK (0.1.0):
    - GMmacros
    - GMThirdLibrary/GMUMSDK
    - Masonry
    - MJExtension
    - pop
    - YYCategories
  - GMThirdLibrary/GMBaseSDK (0.2.0):
    - GMThirdLibrary/GMBaseSDK/GMTencentOpenApiSDK (= 0.2.0)
    - GMThirdLibrary/GMBaseSDK/GMWechatSDK (= 0.2.0)
    - GMThirdLibrary/GMBaseSDK/GMWeibo_SDK (= 0.2.0)
  - GMThirdLibrary/GMBaseSDK/GMTencentOpenApiSDK (0.2.0)
  - GMThirdLibrary/GMBaseSDK/GMWechatSDK (0.2.0)
  - GMThirdLibrary/GMBaseSDK/GMWeibo_SDK (0.2.0)
  - GMThirdLibrary/GMUMSDK (0.2.0):
    - GMThirdLibrary/GMBaseSDK
    - GMThirdLibrary/GMUMSDK/Core (= 0.2.0)
    - GMThirdLibrary/GMUMSDK/UMShare (= 0.2.0)
    - GMThirdLibrary/GMUMSDK/UMSocialUI (= 0.2.0)
    - UMCCommon
  - GMThirdLibrary/GMUMSDK/Core (0.2.0):
    - GMThirdLibrary/GMBaseSDK
    - UMCCommon
  - GMThirdLibrary/GMUMSDK/UMShare (0.2.0):
    - GMThirdLibrary/GMBaseSDK
    - GMThirdLibrary/GMUMSDK/UMShare/QQ (= 0.2.0)
    - GMThirdLibrary/GMUMSDK/UMShare/Sina (= 0.2.0)
    - GMThirdLibrary/GMUMSDK/UMShare/WeChat (= 0.2.0)
    - UMCCommon
  - GMThirdLibrary/GMUMSDK/UMShare/QQ (0.2.0):
    - GMThirdLibrary/GMBaseSDK
    - GMThirdLibrary/GMBaseSDK/GMTencentOpenApiSDK
    - GMThirdLibrary/GMUMSDK/Core
    - UMCCommon
  - GMThirdLibrary/GMUMSDK/UMShare/Sina (0.2.0):
    - GMThirdLibrary/GMBaseSDK
    - GMThirdLibrary/GMBaseSDK/GMWeibo_SDK
    - GMThirdLibrary/GMUMSDK/Core
    - UMCCommon
  - GMThirdLibrary/GMUMSDK/UMShare/WeChat (0.2.0):
    - GMThirdLibrary/GMBaseSDK
    - GMThirdLibrary/GMBaseSDK/GMWechatSDK
    - GMThirdLibrary/GMUMSDK/Core
    - UMCCommon
  - GMThirdLibrary/GMUMSDK/UMSocialUI (0.2.0):
    - GMThirdLibrary/GMBaseSDK
    - GMThirdLibrary/GMUMSDK/Core
    - GMThirdLibrary/GMUMSDK/UMShare
    - UMCCommon
  - Masonry (1.1.0)
  - MJExtension (3.2.1)
  - pop (1.0.12)
  - UMCCommon (2.1.1)
  - YYCategories (1.0.4):
    - YYCategories/no-arc (= 1.0.4)
  - YYCategories/no-arc (1.0.4)

DEPENDENCIES:
  - FBSnapshotTestCase
  - GMShareSDK (from `../`)

SPEC REPOS:
  https://github.com/CocoaPods/Specs.git:
    - Masonry
    - MJExtension
    - pop
    - UMCCommon
    - YYCategories
  https://github.com/ioszhanghui/GMPublicRepo.git:
    - GMmacros
    - GMThirdLibrary
  trunk:
    - FBSnapshotTestCase

EXTERNAL SOURCES:
  GMShareSDK:
    :path: "../"

SPEC CHECKSUMS:
  FBSnapshotTestCase: 094f9f314decbabe373b87cc339bea235a63e07a
  GMmacros: 2f5feff28e116006525dc58ccb393b77e4921e6d
  GMShareSDK: d8bcc8fea1ecf56429a27321f406d25fd6907f85
  GMThirdLibrary: 4c0fee72fe59b7b18d64ca837348f6e2d9d89261
  Masonry: 678fab65091a9290e40e2832a55e7ab731aad201
  MJExtension: 635f2c663dcb1bf76fa4b715b2570a5710aec545
  pop: d582054913807fd11fd50bfe6a539d91c7e1a55a
  UMCCommon: 971f324a5a99c9d662ae040a815e7e3d7ef8b2a8
  YYCategories: 6bcd4314c6661a561410dce4a793379ebd306abd

PODFILE CHECKSUM: 1cc12aac6bbf89cf1433a8f92e2eb5888c3870f2

COCOAPODS: 1.8.4
